
Microsoft Visual Studio Solution File, Format Version 12.00
# Visual Studio Version 17
VisualStudioVersion = 17.13.35825.156 d17.13
MinimumVisualStudioVersion = 10.0.40219.1
Project("{FAE04EC0-301F-11D3-BF4B-00C04F79EFBC}") = "C#OOP-Assignment03", "C#OOP-Assignment03.csproj", "{8E36FA21-E21F-48C3-8648-DF15FD321B47}"
EndProject
Global
	GlobalSection(SolutionConfigurationPlatforms) = preSolution
		Debug|Any CPU = Debug|Any CPU
		Release|Any CPU = Release|Any CPU
	EndGlobalSection
	GlobalSection(ProjectConfigurationPlatforms) = postSolution
		{8E36FA21-E21F-48C3-8648-DF15FD321B47}.Debug|Any CPU.ActiveCfg = Debug|Any CPU
		{8E36FA21-E21F-48C3-8648-DF15FD321B47}.Debug|Any CPU.Build.0 = Debug|Any CPU
		{8E36FA21-E21F-48C3-8648-DF15FD321B47}.Release|Any CPU.ActiveCfg = Release|Any CPU
		{8E36FA21-E21F-48C3-8648-DF15FD321B47}.Release|Any CPU.Build.0 = Release|Any CPU
	EndGlobalSection
	GlobalSection(SolutionProperties) = preSolution
		HideSolutionNode = FALSE
	EndGlobalSection
	GlobalSection(ExtensibilityGlobals) = postSolution
		SolutionGuid = {C3BDEB29-7899-4EE2-8144-BDCDE3E5F7B9}
	EndGlobalSection
EndGlobal
