
Microsoft Visual Studio Solution File, Format Version 12.00
# Visual Studio Version 17
VisualStudioVersion = 17.12.35527.113 d17.12
MinimumVisualStudioVersion = 10.0.40219.1
Project("{FAE04EC0-301F-11D3-BF4B-00C04F79EFBC}") = "Assignment01", "Assignment01.csproj", "{AF125433-0EA9-4A7E-A8C9-F0E9C8337FCA}"
EndProject
Global
	GlobalSection(SolutionConfigurationPlatforms) = preSolution
		Debug|Any CPU = Debug|Any CPU
		Release|Any CPU = Release|Any CPU
	EndGlobalSection
	GlobalSection(ProjectConfigurationPlatforms) = postSolution
		{AF125433-0EA9-4A7E-A8C9-F0E9C8337FCA}.Debug|Any CPU.ActiveCfg = Debug|Any CPU
		{AF125433-0EA9-4A7E-A8C9-F0E9C8337FCA}.Debug|Any CPU.Build.0 = Debug|Any CPU
		{AF125433-0EA9-4A7E-A8C9-F0E9C8337FCA}.Release|Any CPU.ActiveCfg = Release|Any CPU
		{AF125433-0EA9-4A7E-A8C9-F0E9C8337FCA}.Release|Any CPU.Build.0 = Release|Any CPU
	EndGlobalSection
	GlobalSection(SolutionProperties) = preSolution
		HideSolutionNode = FALSE
	EndGlobalSection
EndGlobal
